
Microsoft Visual Studio Solution File, Format Version 12.00
# Visual Studio Version 17
VisualStudioVersion = 17.5.33414.496
MinimumVisualStudioVersion = 10.0.40219.1
Project("{FAE04EC0-301F-11D3-BF4B-00C04F79EFBC}") = "facturacion con base de datos", "facturacion con base de datos\facturacion con base de datos.csproj", "{7F9703CE-1025-445D-9E8F-966F87636650}"
EndProject
Project("{FAE04EC0-301F-11D3-BF4B-00C04F79EFBC}") = "Entidades", "Entidades\Entidades.csproj", "{09DDDAA6-5C13-4A7B-84BF-3CAF890EF24E}"
EndProject
Project("{FAE04EC0-301F-11D3-BF4B-00C04F79EFBC}") = "Datos", "Datos\Datos.csproj", "{C8B76A43-C033-4EEF-AAFC-8EC7517F2D33}"
EndProject
Global
	GlobalSection(SolutionConfigurationPlatforms) = preSolution
		Debug|Any CPU = Debug|Any CPU
		Release|Any CPU = Release|Any CPU
	EndGlobalSection
	GlobalSection(ProjectConfigurationPlatforms) = postSolution
		{7F9703CE-1025-445D-9E8F-966F87636650}.Debug|Any CPU.ActiveCfg = Debug|Any CPU
		{7F9703CE-1025-445D-9E8F-966F87636650}.Debug|Any CPU.Build.0 = Debug|Any CPU
		{7F9703CE-1025-445D-9E8F-966F87636650}.Release|Any CPU.ActiveCfg = Release|Any CPU
		{7F9703CE-1025-445D-9E8F-966F87636650}.Release|Any CPU.Build.0 = Release|Any CPU
		{09DDDAA6-5C13-4A7B-84BF-3CAF890EF24E}.Debug|Any CPU.ActiveCfg = Debug|Any CPU
		{09DDDAA6-5C13-4A7B-84BF-3CAF890EF24E}.Debug|Any CPU.Build.0 = Debug|Any CPU
		{09DDDAA6-5C13-4A7B-84BF-3CAF890EF24E}.Release|Any CPU.ActiveCfg = Release|Any CPU
		{09DDDAA6-5C13-4A7B-84BF-3CAF890EF24E}.Release|Any CPU.Build.0 = Release|Any CPU
		{C8B76A43-C033-4EEF-AAFC-8EC7517F2D33}.Debug|Any CPU.ActiveCfg = Debug|Any CPU
		{C8B76A43-C033-4EEF-AAFC-8EC7517F2D33}.Debug|Any CPU.Build.0 = Debug|Any CPU
		{C8B76A43-C033-4EEF-AAFC-8EC7517F2D33}.Release|Any CPU.ActiveCfg = Release|Any CPU
		{C8B76A43-C033-4EEF-AAFC-8EC7517F2D33}.Release|Any CPU.Build.0 = Release|Any CPU
	EndGlobalSection
	GlobalSection(SolutionProperties) = preSolution
		HideSolutionNode = FALSE
	EndGlobalSection
	GlobalSection(ExtensibilityGlobals) = postSolution
		SolutionGuid = {99417AB0-78C5-4FEA-81E2-009F3FCDB31F}
	EndGlobalSection
EndGlobal
